// !$*UTF8*$!
{
	archiveVersion = 1;
	classes = {
	};
	objectVersion = 46;
	objects = {

/* Begin PBXBuildFile section */
		F562BDC81D3548EB003D8AD7 /* AppDelegate.swift in Sources */ = {isa = PBXBuildFile; fileRef = F562BDC71D3548EB003D8AD7 /* AppDelegate.swift */; };
		F562BDCA1D3548EB003D8AD7 /* ViewController.swift in Sources */ = {isa = PBXBuildFile; fileRef = F562BDC91D3548EB003D8AD7 /* ViewController.swift */; };
		F562BDCD1D3548EB003D8AD7 /* Main.storyboard in Resources */ = {isa = PBXBuildFile; fileRef = F562BDCB1D3548EB003D8AD7 /* Main.storyboard */; };
		F562BDCF1D3548EB003D8AD7 /* Assets.xcassets in Resources */ = {isa = PBXBuildFile; fileRef = F562BDCE1D3548EB003D8AD7 /* Assets.xcassets */; };
		F562BDD21D3548EB003D8AD7 /* LaunchScreen.storyboard in Resources */ = {isa = PBXBuildFile; fileRef = F562BDD01D3548EB003D8AD7 /* LaunchScreen.storyboard */; };
/* End PBXBuildFile section */

/* Begin PBXFileReference section */
		F562BDC41D3548EB003D8AD7 /* restaurantProject.app */ = {isa = PBXFileReference; explicitFileType = wrapper.application; includeInIndex = 0; path = restaurantProject.app; sourceTree = BUILT_PRODUCTS_DIR; };
		F562BDC71D3548EB003D8AD7 /* AppDelegate.swift */ = {isa = PBXFileReference; lastKnownFileType = sourcecode.swift; path = AppDelegate.swift; sourceTree = "<group>"; };
		F562BDC91D3548EB003D8AD7 /* ViewController.swift */ = {isa = PBXFileReference; lastKnownFileType = sourcecode.swift; path = ViewController.swift; sourceTree = "<group>"; };
		F562BDCC1D3548EB003D8AD7 /* Base */ = {isa = PBXFileReference; lastKnownFileType = file.storyboard; name = Base; path = Base.lproj/Main.storyboard; sourceTree = "<group>"; };
		F562BDCE1D3548EB003D8AD7 /* Assets.xcassets */ = {isa = PBXFileReference; lastKnownFileType = folder.assetcatalog; path = Assets.xcassets; sourceTree = "<group>"; };
		F562BDD11D3548EB003D8AD7 /* Base */ = {isa = PBXFileReference; lastKnownFileType = file.storyboard; name = Base; path = Base.lproj/LaunchScreen.storyboard; sourceTree = "<group>"; };
		F562BDD31D3548EB003D8AD7 /* Info.plist */ = {isa = PBXFileReference; lastKnownFileType = text.plist.xml; path = Info.plist; sourceTree = "<group>"; };
/* End PBXFileReference section */

/* Begin PBXFrameworksBuildPhase section */
		F562BDC11D3548EB003D8AD7 /* Frameworks */ = {
			isa = PBXFrameworksBuildPhase;
			buildActionMask = 2147483647;
			files = (
			);
			runOnlyForDeploymentPostprocessing = 0;
		};
/* End PBXFrameworksBuildPhase section */

/* Begin PBXGroup section */
		F562BDBB1D3548EB003D8AD7 = {
			isa = PBXGroup;
			children = (
				F562BDC61D3548EB003D8AD7 /* restaurantProject */,
				F562BDC51D3548EB003D8AD7 /* Products */,
			);
			sourceTree = "<group>";
		};
		F562BDC51D3548EB003D8AD7 /* Products */ = {
			isa = PBXGroup;
			children = (
				F562BDC41D3548EB003D8AD7 /* restaurantProject.app */,
			);
			name = Products;
			sourceTree = "<group>";
		};
		F562BDC61D3548EB003D8AD7 /* restaurantProject */ = {
			isa = PBXGroup;
			children = (
				F562BDC71D3548EB003D8AD7 /* AppDelegate.swift */,
				F562BDC91D3548EB003D8AD7 /* ViewController.swift */,
				F562BDCB1D3548EB003D8AD7 /* Main.storyboard */,
				F562BDCE1D3548EB003D8AD7 /* Assets.xcassets */,
				F562BDD01D3548EB003D8AD7 /* LaunchScreen.storyboard */,
				F562BDD31D3548EB003D8AD7 /* Info.plist */,
			);
			path = restaurantProject;
			sourceTree = "<group>";
		};
/* End PBXGroup section */

/* Begin PBXNativeTarget section */
		F562BDC31D3548EB003D8AD7 /* restaurantProject */ = {
			isa = PBXNativeTarget;
			buildConfigurationList = F562BDD61D3548EB003D8AD7 /* Build configuration list for PBXNativeTarget "restaurantProject" */;
			buildPhases = (
				F562BDC01D3548EB003D8AD7 /* Sources */,
				F562BDC11D3548EB003D8AD7 /* Frameworks */,
				F562BDC21D3548EB003D8AD7 /* Resources */,
			);
			buildRules = (
			);
			dependencies = (
			);
			name = restaurantProject;
			productName = restaurantProject;
			productReference = F562BDC41D3548EB003D8AD7 /* restaurantProject.app */;
			productType = "com.apple.product-type.application";
		};
/* End PBXNativeTarget section */

/* Begin PBXProject section */
		F562BDBC1D3548EB003D8AD7 /* Project object */ = {
			isa = PBXProject;
			attributes = {
				LastSwiftUpdateCheck = 0730;
				LastUpgradeCheck = 0730;
				ORGANIZATIONNAME = vlad;
				TargetAttributes = {
					F562BDC31D3548EB003D8AD7 = {
						CreatedOnToolsVersion = 7.3.1;
						DevelopmentTeam = 8A43EQ4MUY;
					};
				};
			};
			buildConfigurationList = F562BDBF1D3548EB003D8AD7 /* Build configuration list for PBXProject "restaurantProject" */;
			compatibilityVersion = "Xcode 3.2";
			developmentRegion = English;
			hasScannedForEncodings = 0;
			knownRegions = (
				en,
				Base,
			);
			mainGroup = F562BDBB1D3548EB003D8AD7;
			productRefGroup = F562BDC51D3548EB003D8AD7 /* Products */;
			projectDirPath = "";
			projectRoot = "";
			targets = (
				F562BDC31D3548EB003D8AD7 /* restaurantProject */,
			);
		};
/* End PBXProject section */

/* Begin PBXResourcesBuildPhase section */
		F562BDC21D3548EB003D8AD7 /* Resources */ = {
			isa = PBXResourcesBuildPhase;
			buildActionMask = 2147483647;
			files = (
				F562BDD21D3548EB003D8AD7 /* LaunchScreen.storyboard in Resources */,
				F562BDCF1D3548EB003D8AD7 /* Assets.xcassets in Resources */,
				F562BDCD1D3548EB003D8AD7 /* Main.storyboard in Resources */,
			);
			runOnlyForDeploymentPostprocessing = 0;
		};
/* End PBXResourcesBuildPhase section */

/* Begin PBXSourcesBuildPhase section */
		F562BDC01D3548EB003D8AD7 /* Sources */ = {
			isa = PBXSourcesBuildPhase;
			buildActionMask = 2147483647;
			files = (
				F562BDCA1D3548EB003D8AD7 /* ViewController.swift in Sources */,
				F562BDC81D3548EB003D8AD7 /* AppDelegate.swift in Sources */,
			);
			runOnlyForDeploymentPostprocessing = 0;
		};
/* End PBXSourcesBuildPhase section */

/* Begin PBXVariantGroup section */
		F562BDCB1D3548EB003D8AD7 /* Main.storyboard */ = {
			isa = PBXVariantGroup;
			children = (
				F562BDCC1D3548EB003D8AD7 /* Base */,
			);
			name = Main.storyboard;
			sourceTree = "<group>";
		};
		F562BDD01D3548EB003D8AD7 /* LaunchScreen.storyboard */ = {
			isa = PBXVariantGroup;
			children = (
				F562BDD11D3548EB003D8AD7 /* Base */,
			);
			name = LaunchScreen.storyboard;
			sourceTree = "<group>";
		};
/* End PBXVariantGroup section */

/* Begin XCBuildConfiguration section */
		F562BDD41D3548EB003D8AD7 /* Debug */ = {
			isa = XCBuildConfiguration;
			buildSettings = {
				ALWAYS_SEARCH_USER_PATHS = NO;
				CLANG_ANALYZER_NONNULL = YES;
				CLANG_CXX_LANGUAGE_STANDARD = "gnu++0x";
				CLANG_CXX_LIBRARY = "libc++";
				CLANG_ENABLE_MODULES = YES;
				CLANG_ENABLE_OBJC_ARC = YES;
				CLANG_WARN_BOOL_CONVERSION = YES;
				CLANG_WARN_CONSTANT_CONVERSION = YES;
				CLANG_WARN_DIRECT_OBJC_ISA_USAGE = YES_ERROR;
				CLANG_WARN_EMPTY_BODY = YES;
				CLANG_WARN_ENUM_CONVERSION = YES;
				CLANG_WARN_INT_CONVERSION = YES;
				CLANG_WARN_OBJC_ROOT_CLASS = YES_ERROR;
				CLANG_WARN_UNREACHABLE_CODE = YES;
				CLANG_WARN__DUPLICATE_METHOD_MATCH = YES;
				"CODE_SIGN_IDENTITY[sdk=iphoneos*]" = "iPhone Developer";
				COPY_PHASE_STRIP = NO;
				DEBUG_INFORMATION_FORMAT = dwarf;
				ENABLE_STRICT_OBJC_MSGSEND = YES;
				ENABLE_TESTABILITY = YES;
				GCC_C_LANGUAGE_STANDARD = gnu99;
				GCC_DYNAMIC_NO_PIC = NO;
				GCC_NO_COMMON_BLOCKS = YES;
				GCC_OPTIMIZATION_LEVEL = 0;
				GCC_PREPROCESSOR_DEFINITIONS = (
					"DEBUG=1",
					"$(inherited)",
				);
				GCC_WARN_64_TO_32_BIT_CONVERSION = YES;
				GCC_WARN_ABOUT_RETURN_TYPE = YES_ERROR;
				GCC_WARN_UNDECLARED_SELECTOR = YES;
				GCC_WARN_UNINITIALIZED_AUTOS = YES_AGGRESSIVE;
				GCC_WARN_UNUSED_FUNCTION = YES;
				GCC_WARN_UNUSED_VARIABLE = YES;
				IPHONEOS_DEPLOYMENT_TARGET = 9.3;
				MTL_ENABLE_DEBUG_INFO = YES;
				ONLY_ACTIVE_ARCH = YES;
				SDKROOT = iphoneos;
				SWIFT_OPTIMIZATION_LEVEL = "-Onone";
			};
			name = Debug;
		};
		F562BDD51D3548EB003D8AD7 /* Release */ = {
			isa = XCBuildConfiguration;
			buildSettings = {
				ALWAYS_SEARCH_USER_PATHS = NO;
				CLANG_ANALYZER_NONNULL = YES;
				CLANG_CXX_LANGUAGE_STANDARD = "gnu++0x";
				CLANG_CXX_LIBRARY = "libc++";
				CLANG_ENABLE_MODULES = YES;
				CLANG_ENABLE_OBJC_ARC = YES;
				CLANG_WARN_BOOL_CONVERSION = YES;
				CLANG_WARN_CONSTANT_CONVERSION = YES;
				CLANG_WARN_DIRECT_OBJC_ISA_USAGE = YES_ERROR;
				CLANG_WARN_EMPTY_BODY = YES;
				CLANG_WARN_ENUM_CONVERSION = YES;
				CLANG_WARN_INT_CONVERSION = YES;
				CLANG_WARN_OBJC_ROOT_CLASS = YES_ERROR;
				CLANG_WARN_UNREACHABLE_CODE = YES;
				CLANG_WARN__DUPLICATE_METHOD_MATCH = YES;
				"CODE_SIGN_IDENTITY[sdk=iphoneos*]" = "iPhone Developer";
				COPY_PHASE_STRIP = NO;
				DEBUG_INFORMATION_FORMAT = "dwarf-with-dsym";
				ENABLE_NS_ASSERTIONS = NO;
				ENABLE_STRICT_OBJC_MSGSEND = YES;
				GCC_C_LANGUAGE_STANDARD = gnu99;
				GCC_NO_COMMON_BLOCKS = YES;
				GCC_WARN_64_TO_32_BIT_CONVERSION = YES;
				GCC_WARN_ABOUT_RETURN_TYPE = YES_ERROR;
				GCC_WARN_UNDECLARED_SELECTOR = YES;
				GCC_WARN_UNINITIALIZED_AUTOS = YES_AGGRESSIVE;
				GCC_WARN_UNUSED_FUNCTION = YES;
				GCC_WARN_UNUSED_VARIABLE = YES;
				IPHONEOS_DEPLOYMENT_TARGET = 9.3;
				MTL_ENABLE_DEBUG_INFO = NO;
				SDKROOT = iphoneos;
				VALIDATE_PRODUCT = YES;
			};
			name = Release;
		};
		F562BDD71D3548EB003D8AD7 /* Debug */ = {
			isa = XCBuildConfiguration;
			buildSettings = {
				ASSETCATALOG_COMPILER_APPICON_NAME = AppIcon;
				INFOPLIST_FILE = restaurantProject/Info.plist;
				LD_RUNPATH_SEARCH_PATHS = "$(inherited) @executable_path/Frameworks";
				PRODUCT_BUNDLE_IDENTIFIER = com.vlad.restaurantProject;
				PRODUCT_NAME = "$(TARGET_NAME)";
			};
			name = Debug;
		};
		F562BDD81D3548EB003D8AD7 /* Release */ = {
			isa = XCBuildConfiguration;
			buildSettings = {
				ASSETCATALOG_COMPILER_APPICON_NAME = AppIcon;
				INFOPLIST_FILE = restaurantProject/Info.plist;
				LD_RUNPATH_SEARCH_PATHS = "$(inherited) @executable_path/Frameworks";
				PRODUCT_BUNDLE_IDENTIFIER = com.vlad.restaurantProject;
				PRODUCT_NAME = "$(TARGET_NAME)";
			};
			name = Release;
		};
/* End XCBuildConfiguration section */

/* Begin XCConfigurationList section */
		F562BDBF1D3548EB003D8AD7 /* Build configuration list for PBXProject "restaurantProject" */ = {
			isa = XCConfigurationList;
			buildConfigurations = (
				F562BDD41D3548EB003D8AD7 /* Debug */,
				F562BDD51D3548EB003D8AD7 /* Release */,
			);
			defaultConfigurationIsVisible = 0;
			defaultConfigurationName = Release;
		};
		F562BDD61D3548EB003D8AD7 /* Build configuration list for PBXNativeTarget "restaurantProject" */ = {
			isa = XCConfigurationList;
			buildConfigurations = (
				F562BDD71D3548EB003D8AD7 /* Debug */,
				F562BDD81D3548EB003D8AD7 /* Release */,
			);
			defaultConfigurationIsVisible = 0;
		};
/* End XCConfigurationList section */
	};
	rootObject = F562BDBC1D3548EB003D8AD7 /* Project object */;
}
